// !$*UTF8*$!
{
	archiveVersion = 1;
	classes = {
	};
	objectVersion = 46;
	objects = {

/* Begin PBXBuildFile section */
		1658E9009A352D0CE6BDF147 /* libPods.a in Frameworks */ = {isa = PBXBuildFile; fileRef = 0C8968A5454ABE528C76280E /* libPods.a */; };
		7225CB901ABF348F00004040 /* MonthPagerViewController.swift in Sources */ = {isa = PBXBuildFile; fileRef = 7225CB8F1ABF348F00004040 /* MonthPagerViewController.swift */; };
		72370DFE1AD5DB5B00268871 /* iMinistryHeaderView.swift in Sources */ = {isa = PBXBuildFile; fileRef = 72370DFD1AD5DB5B00268871 /* iMinistryHeaderView.swift */; };
		7247074C1AA515FD00822BD4 /* RecentReportsViewController.swift in Sources */ = {isa = PBXBuildFile; fileRef = 7247074B1AA515FD00822BD4 /* RecentReportsViewController.swift */; };
		725B2AC41AD326A400E52093 /* AnualReportChartViewController.swift in Sources */ = {isa = PBXBuildFile; fileRef = 725B2AC31AD326A400E52093 /* AnualReportChartViewController.swift */; };
		725B738B1AE02D68003A38C3 /* iMinistryTooltipView.swift in Sources */ = {isa = PBXBuildFile; fileRef = 725B738A1AE02D68003A38C3 /* iMinistryTooltipView.swift */; };
		727174121AE118CB00A8143A /* iMinistryTooltipTipView.swift in Sources */ = {isa = PBXBuildFile; fileRef = 727174111AE118CB00A8143A /* iMinistryTooltipTipView.swift */; };
		727174161AE11A1300A8143A /* AnualReportChartBaseController.swift in Sources */ = {isa = PBXBuildFile; fileRef = 727174151AE11A1300A8143A /* AnualReportChartBaseController.swift */; };
		727803141A5076EC00706D17 /* AppDelegate.swift in Sources */ = {isa = PBXBuildFile; fileRef = 727803131A5076EC00706D17 /* AppDelegate.swift */; };
		727803171A5076EC00706D17 /* iMinistry.xcdatamodeld in Sources */ = {isa = PBXBuildFile; fileRef = 727803151A5076EC00706D17 /* iMinistry.xcdatamodeld */; };
		7278031C1A5076EC00706D17 /* Main.storyboard in Resources */ = {isa = PBXBuildFile; fileRef = 7278031A1A5076EC00706D17 /* Main.storyboard */; };
		7278031E1A5076EC00706D17 /* Images.xcassets in Resources */ = {isa = PBXBuildFile; fileRef = 7278031D1A5076EC00706D17 /* Images.xcassets */; };
		727803211A5076EC00706D17 /* LaunchScreen.xib in Resources */ = {isa = PBXBuildFile; fileRef = 7278031F1A5076EC00706D17 /* LaunchScreen.xib */; };
		7278033E1A507FAB00706D17 /* Report.swift in Sources */ = {isa = PBXBuildFile; fileRef = 7278033D1A507FAB00706D17 /* Report.swift */; };
		727803421A5080D900706D17 /* MonthTableViewController.swift in Sources */ = {isa = PBXBuildFile; fileRef = 727803411A5080D900706D17 /* MonthTableViewController.swift */; };
		727803441A508C5F00706D17 /* AddReportTableViewController.swift in Sources */ = {isa = PBXBuildFile; fileRef = 727803431A508C5F00706D17 /* AddReportTableViewController.swift */; };
		727B7E3B1AC84CCD00C56A55 /* MonthModelController.swift in Sources */ = {isa = PBXBuildFile; fileRef = 727B7E3A1AC84CCD00C56A55 /* MonthModelController.swift */; };
		728C8CEE1ADC419B004BBFD3 /* iMinistryInformationView.swift in Sources */ = {isa = PBXBuildFile; fileRef = 728C8CED1ADC419B004BBFD3 /* iMinistryInformationView.swift */; };
		728C8CF81ADC506E004BBFD3 /* InfoPlist.strings in Resources */ = {isa = PBXBuildFile; fileRef = 728C8CFA1ADC506E004BBFD3 /* InfoPlist.strings */; };
		729422711ADDBFC10063B73B /* iMinistryValueView.swift in Sources */ = {isa = PBXBuildFile; fileRef = 729422701ADDBFC10063B73B /* iMinistryValueView.swift */; };
		72E2BF7F1AD47F9C003FE426 /* iMinistryFooterView.swift in Sources */ = {isa = PBXBuildFile; fileRef = 72E2BF7E1AD47F9C003FE426 /* iMinistryFooterView.swift */; };
/* End PBXBuildFile section */

/* Begin PBXFileReference section */
		0C8968A5454ABE528C76280E /* libPods.a */ = {isa = PBXFileReference; explicitFileType = archive.ar; includeInIndex = 0; path = libPods.a; sourceTree = BUILT_PRODUCTS_DIR; };
		7225CB8F1ABF348F00004040 /* MonthPagerViewController.swift */ = {isa = PBXFileReference; fileEncoding = 4; lastKnownFileType = sourcecode.swift; path = MonthPagerViewController.swift; sourceTree = "<group>"; };
		722EDF5C1AD2DF5F0095349D /* iMinistry-Bridging-Header.h */ = {isa = PBXFileReference; lastKnownFileType = sourcecode.c.h; path = "iMinistry-Bridging-Header.h"; sourceTree = "<group>"; };
		72370DFD1AD5DB5B00268871 /* iMinistryHeaderView.swift */ = {isa = PBXFileReference; fileEncoding = 4; lastKnownFileType = sourcecode.swift; name = iMinistryHeaderView.swift; path = Views/iMinistryHeaderView.swift; sourceTree = "<group>"; };
		7247074B1AA515FD00822BD4 /* RecentReportsViewController.swift */ = {isa = PBXFileReference; fileEncoding = 4; lastKnownFileType = sourcecode.swift; path = RecentReportsViewController.swift; sourceTree = "<group>"; };
		725B2AC31AD326A400E52093 /* AnualReportChartViewController.swift */ = {isa = PBXFileReference; fileEncoding = 4; lastKnownFileType = sourcecode.swift; path = AnualReportChartViewController.swift; sourceTree = "<group>"; };
		725B738A1AE02D68003A38C3 /* iMinistryTooltipView.swift */ = {isa = PBXFileReference; fileEncoding = 4; lastKnownFileType = sourcecode.swift; name = iMinistryTooltipView.swift; path = Views/iMinistryTooltipView.swift; sourceTree = "<group>"; };
		727174111AE118CB00A8143A /* iMinistryTooltipTipView.swift */ = {isa = PBXFileReference; fileEncoding = 4; lastKnownFileType = sourcecode.swift; name = iMinistryTooltipTipView.swift; path = Views/iMinistryTooltipTipView.swift; sourceTree = "<group>"; };
		727174151AE11A1300A8143A /* AnualReportChartBaseController.swift */ = {isa = PBXFileReference; fileEncoding = 4; lastKnownFileType = sourcecode.swift; path = AnualReportChartBaseController.swift; sourceTree = "<group>"; };
		7278030E1A5076EC00706D17 /* iMinistry.app */ = {isa = PBXFileReference; explicitFileType = wrapper.application; includeInIndex = 0; path = iMinistry.app; sourceTree = BUILT_PRODUCTS_DIR; };
		727803121A5076EC00706D17 /* Info.plist */ = {isa = PBXFileReference; lastKnownFileType = text.plist.xml; path = Info.plist; sourceTree = "<group>"; };
		727803131A5076EC00706D17 /* AppDelegate.swift */ = {isa = PBXFileReference; lastKnownFileType = sourcecode.swift; path = AppDelegate.swift; sourceTree = "<group>"; };
		727803161A5076EC00706D17 /* iMinistry.xcdatamodel */ = {isa = PBXFileReference; lastKnownFileType = wrapper.xcdatamodel; path = iMinistry.xcdatamodel; sourceTree = "<group>"; };
		7278031B1A5076EC00706D17 /* Base */ = {isa = PBXFileReference; lastKnownFileType = file.storyboard; name = Base; path = Base.lproj/Main.storyboard; sourceTree = "<group>"; };
		7278031D1A5076EC00706D17 /* Images.xcassets */ = {isa = PBXFileReference; lastKnownFileType = folder.assetcatalog; path = Images.xcassets; sourceTree = "<group>"; };
		727803201A5076EC00706D17 /* Base */ = {isa = PBXFileReference; lastKnownFileType = file.xib; name = Base; path = Base.lproj/LaunchScreen.xib; sourceTree = "<group>"; };
		7278033D1A507FAB00706D17 /* Report.swift */ = {isa = PBXFileReference; fileEncoding = 4; lastKnownFileType = sourcecode.swift; path = Report.swift; sourceTree = "<group>"; };
		727803411A5080D900706D17 /* MonthTableViewController.swift */ = {isa = PBXFileReference; fileEncoding = 4; lastKnownFileType = sourcecode.swift; path = MonthTableViewController.swift; sourceTree = "<group>"; };
		727803431A508C5F00706D17 /* AddReportTableViewController.swift */ = {isa = PBXFileReference; fileEncoding = 4; lastKnownFileType = sourcecode.swift; path = AddReportTableViewController.swift; sourceTree = "<group>"; };
		727B7E3A1AC84CCD00C56A55 /* MonthModelController.swift */ = {isa = PBXFileReference; fileEncoding = 4; lastKnownFileType = sourcecode.swift; path = MonthModelController.swift; sourceTree = "<group>"; };
		728C8CED1ADC419B004BBFD3 /* iMinistryInformationView.swift */ = {isa = PBXFileReference; fileEncoding = 4; lastKnownFileType = sourcecode.swift; name = iMinistryInformationView.swift; path = Views/iMinistryInformationView.swift; sourceTree = "<group>"; };
		728C8CF41ADC506E004BBFD3 /* es */ = {isa = PBXFileReference; lastKnownFileType = text.plist.strings; name = es; path = es.lproj/Main.strings; sourceTree = "<group>"; };
		728C8CF51ADC506E004BBFD3 /* es */ = {isa = PBXFileReference; lastKnownFileType = text.plist.strings; name = es; path = es.lproj/LaunchScreen.strings; sourceTree = "<group>"; };
		728C8CF91ADC506E004BBFD3 /* es */ = {isa = PBXFileReference; lastKnownFileType = text.plist.strings; name = es; path = es.lproj/InfoPlist.strings; sourceTree = "<group>"; };
		728C8CFC1ADC510D004BBFD3 /* en */ = {isa = PBXFileReference; lastKnownFileType = text.plist.strings; name = en; path = en.lproj/Main.strings; sourceTree = "<group>"; };
		729422701ADDBFC10063B73B /* iMinistryValueView.swift */ = {isa = PBXFileReference; fileEncoding = 4; lastKnownFileType = sourcecode.swift; name = iMinistryValueView.swift; path = Views/iMinistryValueView.swift; sourceTree = "<group>"; };
		72E2BF7E1AD47F9C003FE426 /* iMinistryFooterView.swift */ = {isa = PBXFileReference; fileEncoding = 4; lastKnownFileType = sourcecode.swift; name = iMinistryFooterView.swift; path = Views/iMinistryFooterView.swift; sourceTree = "<group>"; };
		B3ED902632E932E7CB99C2FB /* Pods.debug.xcconfig */ = {isa = PBXFileReference; includeInIndex = 1; lastKnownFileType = text.xcconfig; name = Pods.debug.xcconfig; path = "Pods/Target Support Files/Pods/Pods.debug.xcconfig"; sourceTree = "<group>"; };
		F26181A23AC5936403893EED /* Pods.release.xcconfig */ = {isa = PBXFileReference; includeInIndex = 1; lastKnownFileType = text.xcconfig; name = Pods.release.xcconfig; path = "Pods/Target Support Files/Pods/Pods.release.xcconfig"; sourceTree = "<group>"; };
/* End PBXFileReference section */

/* Begin PBXFrameworksBuildPhase section */
		7278030B1A5076EC00706D17 /* Frameworks */ = {
			isa = PBXFrameworksBuildPhase;
			buildActionMask = 2147483647;
			files = (
				1658E9009A352D0CE6BDF147 /* libPods.a in Frameworks */,
			);
			runOnlyForDeploymentPostprocessing = 0;
		};
/* End PBXFrameworksBuildPhase section */

/* Begin PBXGroup section */
		6AE42471A19D4C8B832D9FF5 /* Frameworks */ = {
			isa = PBXGroup;
			children = (
				0C8968A5454ABE528C76280E /* libPods.a */,
			);
			name = Frameworks;
			sourceTree = "<group>";
		};
		727803051A5076EC00706D17 = {
			isa = PBXGroup;
			children = (
				727803101A5076EC00706D17 /* iMinistry */,
				7278030F1A5076EC00706D17 /* Products */,
				F0C0A3E903C63EA554B6534E /* Pods */,
				6AE42471A19D4C8B832D9FF5 /* Frameworks */,
			);
			sourceTree = "<group>";
		};
		7278030F1A5076EC00706D17 /* Products */ = {
			isa = PBXGroup;
			children = (
				7278030E1A5076EC00706D17 /* iMinistry.app */,
			);
			name = Products;
			sourceTree = "<group>";
		};
		727803101A5076EC00706D17 /* iMinistry */ = {
			isa = PBXGroup;
			children = (
				727803131A5076EC00706D17 /* AppDelegate.swift */,
				7278031A1A5076EC00706D17 /* Main.storyboard */,
				7278031D1A5076EC00706D17 /* Images.xcassets */,
				7278031F1A5076EC00706D17 /* LaunchScreen.xib */,
				727803151A5076EC00706D17 /* iMinistry.xcdatamodeld */,
				7278033D1A507FAB00706D17 /* Report.swift */,
				727803111A5076EC00706D17 /* Supporting Files */,
				727803431A508C5F00706D17 /* AddReportTableViewController.swift */,
				727174151AE11A1300A8143A /* AnualReportChartBaseController.swift */,
				725B2AC31AD326A400E52093 /* AnualReportChartViewController.swift */,
				727B7E3A1AC84CCD00C56A55 /* MonthModelController.swift */,
				727803411A5080D900706D17 /* MonthTableViewController.swift */,
				7225CB8F1ABF348F00004040 /* MonthPagerViewController.swift */,
				7247074B1AA515FD00822BD4 /* RecentReportsViewController.swift */,
				722EDF5C1AD2DF5F0095349D /* iMinistry-Bridging-Header.h */,
				72E2BF7E1AD47F9C003FE426 /* iMinistryFooterView.swift */,
				72370DFD1AD5DB5B00268871 /* iMinistryHeaderView.swift */,
				729422701ADDBFC10063B73B /* iMinistryValueView.swift */,
				728C8CED1ADC419B004BBFD3 /* iMinistryInformationView.swift */,
				725B738A1AE02D68003A38C3 /* iMinistryTooltipView.swift */,
				727174111AE118CB00A8143A /* iMinistryTooltipTipView.swift */,
			);
			path = iMinistry;
			sourceTree = "<group>";
		};
		727803111A5076EC00706D17 /* Supporting Files */ = {
			isa = PBXGroup;
			children = (
				728C8CFA1ADC506E004BBFD3 /* InfoPlist.strings */,
				727803121A5076EC00706D17 /* Info.plist */,
			);
			name = "Supporting Files";
			sourceTree = "<group>";
		};
		F0C0A3E903C63EA554B6534E /* Pods */ = {
			isa = PBXGroup;
			children = (
				B3ED902632E932E7CB99C2FB /* Pods.debug.xcconfig */,
				F26181A23AC5936403893EED /* Pods.release.xcconfig */,
			);
			name = Pods;
			sourceTree = "<group>";
		};
/* End PBXGroup section */

/* Begin PBXNativeTarget section */
		7278030D1A5076EC00706D17 /* iMinistry */ = {
			isa = PBXNativeTarget;
			buildConfigurationList = 727803301A5076EC00706D17 /* Build configuration list for PBXNativeTarget "iMinistry" */;
			buildPhases = (
				67A4FB97D0C73EA402E030A4 /* Check Pods Manifest.lock */,
				7278030A1A5076EC00706D17 /* Sources */,
				7278030B1A5076EC00706D17 /* Frameworks */,
				7278030C1A5076EC00706D17 /* Resources */,
				5A0280F8E2B02971F38AB981 /* Copy Pods Resources */,
			);
			buildRules = (
			);
			dependencies = (
			);
			name = iMinistry;
			productName = iMinistry;
			productReference = 7278030E1A5076EC00706D17 /* iMinistry.app */;
			productType = "com.apple.product-type.application";
		};
/* End PBXNativeTarget section */

/* Begin PBXProject section */
		727803061A5076EC00706D17 /* Project object */ = {
			isa = PBXProject;
			attributes = {
				LastSwiftUpdateCheck = 0700;
				LastUpgradeCheck = 0700;
				ORGANIZATIONNAME = "Flavio Corpa";
				TargetAttributes = {
					7278030D1A5076EC00706D17 = {
						CreatedOnToolsVersion = 6.1.1;
						DevelopmentTeam = LCGKZ2MQUD;
					};
				};
			};
			buildConfigurationList = 727803091A5076EC00706D17 /* Build configuration list for PBXProject "iMinistry" */;
			compatibilityVersion = "Xcode 3.2";
			developmentRegion = English;
			hasScannedForEncodings = 0;
			knownRegions = (
				en,
				Base,
			);
			mainGroup = 727803051A5076EC00706D17;
			productRefGroup = 7278030F1A5076EC00706D17 /* Products */;
			projectDirPath = "";
			projectRoot = "";
			targets = (
				7278030D1A5076EC00706D17 /* iMinistry */,
			);
		};
/* End PBXProject section */

/* Begin PBXResourcesBuildPhase section */
		7278030C1A5076EC00706D17 /* Resources */ = {
			isa = PBXResourcesBuildPhase;
			buildActionMask = 2147483647;
			files = (
				7278031C1A5076EC00706D17 /* Main.storyboard in Resources */,
				728C8CF81ADC506E004BBFD3 /* InfoPlist.strings in Resources */,
				727803211A5076EC00706D17 /* LaunchScreen.xib in Resources */,
				7278031E1A5076EC00706D17 /* Images.xcassets in Resources */,
			);
			runOnlyForDeploymentPostprocessing = 0;
		};
/* End PBXResourcesBuildPhase section */

/* Begin PBXShellScriptBuildPhase section */
		5A0280F8E2B02971F38AB981 /* Copy Pods Resources */ = {
			isa = PBXShellScriptBuildPhase;
			buildActionMask = 2147483647;
			files = (
			);
			inputPaths = (
			);
			name = "Copy Pods Resources";
			outputPaths = (
			);
			runOnlyForDeploymentPostprocessing = 0;
			shellPath = /bin/sh;
			shellScript = "\"${SRCROOT}/Pods/Target Support Files/Pods/Pods-resources.sh\"\n";
			showEnvVarsInLog = 0;
		};
		67A4FB97D0C73EA402E030A4 /* Check Pods Manifest.lock */ = {
			isa = PBXShellScriptBuildPhase;
			buildActionMask = 2147483647;
			files = (
			);
			inputPaths = (
			);
			name = "Check Pods Manifest.lock";
			outputPaths = (
			);
			runOnlyForDeploymentPostprocessing = 0;
			shellPath = /bin/sh;
			shellScript = "diff \"${PODS_ROOT}/../Podfile.lock\" \"${PODS_ROOT}/Manifest.lock\" > /dev/null\nif [[ $? != 0 ]] ; then\n    cat << EOM\nerror: The sandbox is not in sync with the Podfile.lock. Run 'pod install' or update your CocoaPods installation.\nEOM\n    exit 1\nfi\n";
			showEnvVarsInLog = 0;
		};
/* End PBXShellScriptBuildPhase section */

/* Begin PBXSourcesBuildPhase section */
		7278030A1A5076EC00706D17 /* Sources */ = {
			isa = PBXSourcesBuildPhase;
			buildActionMask = 2147483647;
			files = (
				727B7E3B1AC84CCD00C56A55 /* MonthModelController.swift in Sources */,
				727803441A508C5F00706D17 /* AddReportTableViewController.swift in Sources */,
				727803171A5076EC00706D17 /* iMinistry.xcdatamodeld in Sources */,
				72370DFE1AD5DB5B00268871 /* iMinistryHeaderView.swift in Sources */,
				727803141A5076EC00706D17 /* AppDelegate.swift in Sources */,
				727803421A5080D900706D17 /* MonthTableViewController.swift in Sources */,
				729422711ADDBFC10063B73B /* iMinistryValueView.swift in Sources */,
				727174121AE118CB00A8143A /* iMinistryTooltipTipView.swift in Sources */,
				728C8CEE1ADC419B004BBFD3 /* iMinistryInformationView.swift in Sources */,
				7278033E1A507FAB00706D17 /* Report.swift in Sources */,
				7247074C1AA515FD00822BD4 /* RecentReportsViewController.swift in Sources */,
				725B2AC41AD326A400E52093 /* AnualReportChartViewController.swift in Sources */,
				725B738B1AE02D68003A38C3 /* iMinistryTooltipView.swift in Sources */,
				727174161AE11A1300A8143A /* AnualReportChartBaseController.swift in Sources */,
				72E2BF7F1AD47F9C003FE426 /* iMinistryFooterView.swift in Sources */,
				7225CB901ABF348F00004040 /* MonthPagerViewController.swift in Sources */,
			);
			runOnlyForDeploymentPostprocessing = 0;
		};
/* End PBXSourcesBuildPhase section */

/* Begin PBXVariantGroup section */
		7278031A1A5076EC00706D17 /* Main.storyboard */ = {
			isa = PBXVariantGroup;
			children = (
				7278031B1A5076EC00706D17 /* Base */,
				728C8CF41ADC506E004BBFD3 /* es */,
				728C8CFC1ADC510D004BBFD3 /* en */,
			);
			name = Main.storyboard;
			sourceTree = "<group>";
		};
		7278031F1A5076EC00706D17 /* LaunchScreen.xib */ = {
			isa = PBXVariantGroup;
			children = (
				727803201A5076EC00706D17 /* Base */,
				728C8CF51ADC506E004BBFD3 /* es */,
			);
			name = LaunchScreen.xib;
			sourceTree = "<group>";
		};
		728C8CFA1ADC506E004BBFD3 /* InfoPlist.strings */ = {
			isa = PBXVariantGroup;
			children = (
				728C8CF91ADC506E004BBFD3 /* es */,
			);
			name = InfoPlist.strings;
			sourceTree = "<group>";
		};
/* End PBXVariantGroup section */

/* Begin XCBuildConfiguration section */
		7278032E1A5076EC00706D17 /* Debug */ = {
			isa = XCBuildConfiguration;
			buildSettings = {
				ALWAYS_SEARCH_USER_PATHS = NO;
				CLANG_CXX_LANGUAGE_STANDARD = "gnu++0x";
				CLANG_CXX_LIBRARY = "libc++";
				CLANG_ENABLE_MODULES = YES;
				CLANG_ENABLE_OBJC_ARC = YES;
				CLANG_WARN_BOOL_CONVERSION = YES;
				CLANG_WARN_CONSTANT_CONVERSION = YES;
				CLANG_WARN_DIRECT_OBJC_ISA_USAGE = YES_ERROR;
				CLANG_WARN_EMPTY_BODY = YES;
				CLANG_WARN_ENUM_CONVERSION = YES;
				CLANG_WARN_INT_CONVERSION = YES;
				CLANG_WARN_OBJC_ROOT_CLASS = YES_ERROR;
				CLANG_WARN_UNREACHABLE_CODE = YES;
				CLANG_WARN__DUPLICATE_METHOD_MATCH = YES;
				CODE_SIGN_IDENTITY = "iPhone Developer";
				"CODE_SIGN_IDENTITY[sdk=iphoneos*]" = "iPhone Developer";
				COPY_PHASE_STRIP = YES;
				ENABLE_STRICT_OBJC_MSGSEND = YES;
				ENABLE_TESTABILITY = YES;
				GCC_C_LANGUAGE_STANDARD = gnu99;
				GCC_DYNAMIC_NO_PIC = NO;
				GCC_OPTIMIZATION_LEVEL = 0;
				GCC_PREPROCESSOR_DEFINITIONS = (
					"DEBUG=1",
					"$(inherited)",
				);
				GCC_SYMBOLS_PRIVATE_EXTERN = NO;
				GCC_WARN_64_TO_32_BIT_CONVERSION = YES;
				GCC_WARN_ABOUT_RETURN_TYPE = YES_ERROR;
				GCC_WARN_UNDECLARED_SELECTOR = YES;
				GCC_WARN_UNINITIALIZED_AUTOS = YES_AGGRESSIVE;
				GCC_WARN_UNUSED_FUNCTION = YES;
				GCC_WARN_UNUSED_VARIABLE = YES;
				IPHONEOS_DEPLOYMENT_TARGET = 8.0;
				MTL_ENABLE_DEBUG_INFO = YES;
				ONLY_ACTIVE_ARCH = YES;
				SDKROOT = iphoneos;
				SWIFT_OPTIMIZATION_LEVEL = "-Onone";
				VALIDATE_PRODUCT = YES;
			};
			name = Debug;
		};
		7278032F1A5076EC00706D17 /* Release */ = {
			isa = XCBuildConfiguration;
			buildSettings = {
				ALWAYS_SEARCH_USER_PATHS = NO;
				CLANG_CXX_LANGUAGE_STANDARD = "gnu++0x";
				CLANG_CXX_LIBRARY = "libc++";
				CLANG_ENABLE_MODULES = YES;
				CLANG_ENABLE_OBJC_ARC = YES;
				CLANG_WARN_BOOL_CONVERSION = YES;
				CLANG_WARN_CONSTANT_CONVERSION = YES;
				CLANG_WARN_DIRECT_OBJC_ISA_USAGE = YES_ERROR;
				CLANG_WARN_EMPTY_BODY = YES;
				CLANG_WARN_ENUM_CONVERSION = YES;
				CLANG_WARN_INT_CONVERSION = YES;
				CLANG_WARN_OBJC_ROOT_CLASS = YES_ERROR;
				CLANG_WARN_UNREACHABLE_CODE = YES;
				CLANG_WARN__DUPLICATE_METHOD_MATCH = YES;
				CODE_SIGN_IDENTITY = "iPhone Developer";
				"CODE_SIGN_IDENTITY[sdk=iphoneos*]" = "iPhone Developer";
				COPY_PHASE_STRIP = YES;
				ENABLE_NS_ASSERTIONS = NO;
				ENABLE_STRICT_OBJC_MSGSEND = YES;
				ENABLE_TESTABILITY = YES;
				GCC_C_LANGUAGE_STANDARD = gnu99;
				GCC_WARN_64_TO_32_BIT_CONVERSION = YES;
				GCC_WARN_ABOUT_RETURN_TYPE = YES_ERROR;
				GCC_WARN_UNDECLARED_SELECTOR = YES;
				GCC_WARN_UNINITIALIZED_AUTOS = YES_AGGRESSIVE;
				GCC_WARN_UNUSED_FUNCTION = YES;
				GCC_WARN_UNUSED_VARIABLE = YES;
				IPHONEOS_DEPLOYMENT_TARGET = 8.0;
				MTL_ENABLE_DEBUG_INFO = NO;
				ONLY_ACTIVE_ARCH = YES;
				SDKROOT = iphoneos;
				VALIDATE_PRODUCT = YES;
			};
			name = Release;
		};
		727803311A5076EC00706D17 /* Debug */ = {
			isa = XCBuildConfiguration;
			baseConfigurationReference = B3ED902632E932E7CB99C2FB /* Pods.debug.xcconfig */;
			buildSettings = {
				ASSETCATALOG_COMPILER_APPICON_NAME = AppIcon;
				CLANG_ENABLE_MODULES = YES;
				CODE_SIGN_IDENTITY = "iPhone Developer";
				"CODE_SIGN_IDENTITY[sdk=iphoneos*]" = "iPhone Developer";
				INFOPLIST_FILE = iMinistry/Info.plist;
				IPHONEOS_DEPLOYMENT_TARGET = 8.4;
				LD_RUNPATH_SEARCH_PATHS = "$(inherited) @executable_path/Frameworks";
				PRODUCT_BUNDLE_IDENTIFIER = "flaviocorpa.$(PRODUCT_NAME:rfc1034identifier)";
				PRODUCT_NAME = "$(TARGET_NAME)";
				PROVISIONING_PROFILE = "";
				SWIFT_OBJC_BRIDGING_HEADER = "iMinistry/iMinistry-Bridging-Header.h";
				SWIFT_OPTIMIZATION_LEVEL = "-Onone";
				TARGETED_DEVICE_FAMILY = "1,2";
			};
			name = Debug;
		};
		727803321A5076EC00706D17 /* Release */ = {
			isa = XCBuildConfiguration;
			baseConfigurationReference = F26181A23AC5936403893EED /* Pods.release.xcconfig */;
			buildSettings = {
				ASSETCATALOG_COMPILER_APPICON_NAME = AppIcon;
				CLANG_ENABLE_MODULES = YES;
				CODE_SIGN_IDENTITY = "iPhone Developer";
				"CODE_SIGN_IDENTITY[sdk=iphoneos*]" = "iPhone Developer";
				INFOPLIST_FILE = iMinistry/Info.plist;
				IPHONEOS_DEPLOYMENT_TARGET = 8.4;
				LD_RUNPATH_SEARCH_PATHS = "$(inherited) @executable_path/Frameworks";
				PRODUCT_BUNDLE_IDENTIFIER = "flaviocorpa.$(PRODUCT_NAME:rfc1034identifier)";
				PRODUCT_NAME = "$(TARGET_NAME)";
				PROVISIONING_PROFILE = "";
				SWIFT_OBJC_BRIDGING_HEADER = "iMinistry/iMinistry-Bridging-Header.h";
				TARGETED_DEVICE_FAMILY = "1,2";
			};
			name = Release;
		};
/* End XCBuildConfiguration section */

/* Begin XCConfigurationList section */
		727803091A5076EC00706D17 /* Build configuration list for PBXProject "iMinistry" */ = {
			isa = XCConfigurationList;
			buildConfigurations = (
				7278032E1A5076EC00706D17 /* Debug */,
				7278032F1A5076EC00706D17 /* Release */,
			);
			defaultConfigurationIsVisible = 0;
			defaultConfigurationName = Release;
		};
		727803301A5076EC00706D17 /* Build configuration list for PBXNativeTarget "iMinistry" */ = {
			isa = XCConfigurationList;
			buildConfigurations = (
				727803311A5076EC00706D17 /* Debug */,
				727803321A5076EC00706D17 /* Release */,
			);
			defaultConfigurationIsVisible = 0;
			defaultConfigurationName = Release;
		};
/* End XCConfigurationList section */

/* Begin XCVersionGroup section */
		727803151A5076EC00706D17 /* iMinistry.xcdatamodeld */ = {
			isa = XCVersionGroup;
			children = (
				727803161A5076EC00706D17 /* iMinistry.xcdatamodel */,
			);
			currentVersion = 727803161A5076EC00706D17 /* iMinistry.xcdatamodel */;
			path = iMinistry.xcdatamodeld;
			sourceTree = "<group>";
			versionGroupType = wrapper.xcdatamodel;
		};
/* End XCVersionGroup section */
	};
	rootObject = 727803061A5076EC00706D17 /* Project object */;
}
